// !$*UTF8*$!
{
	archiveVersion = 1;
	classes = {
	};
	objectVersion = 50;
	objects = {

/* Begin PBXBuildFile section */
		7A6B029B24A3156B00535EA4 /* SpaceApp.swift in Sources */ = {isa = PBXBuildFile; fileRef = 7A6B028824A3156800535EA4 /* SpaceApp.swift */; };
		7A6B029C24A3156B00535EA4 /* SpaceApp.swift in Sources */ = {isa = PBXBuildFile; fileRef = 7A6B028824A3156800535EA4 /* SpaceApp.swift */; };
		7A6B029D24A3156B00535EA4 /* ContentView.swift in Sources */ = {isa = PBXBuildFile; fileRef = 7A6B028924A3156800535EA4 /* ContentView.swift */; };
		7A6B029E24A3156B00535EA4 /* ContentView.swift in Sources */ = {isa = PBXBuildFile; fileRef = 7A6B028924A3156800535EA4 /* ContentView.swift */; };
		7A6B029F24A3156B00535EA4 /* Assets.xcassets in Resources */ = {isa = PBXBuildFile; fileRef = 7A6B028A24A3156B00535EA4 /* Assets.xcassets */; };
		7A6B02A024A3156B00535EA4 /* Assets.xcassets in Resources */ = {isa = PBXBuildFile; fileRef = 7A6B028A24A3156B00535EA4 /* Assets.xcassets */; };
		7A6B02AB24A3175B00535EA4 /* ARView.swift in Sources */ = {isa = PBXBuildFile; fileRef = 7A6B02AA24A3175B00535EA4 /* ARView.swift */; };
		7A6B02AC24A3175B00535EA4 /* ARView.swift in Sources */ = {isa = PBXBuildFile; fileRef = 7A6B02AA24A3175B00535EA4 /* ARView.swift */; };
		7A6B02AE24A3176300535EA4 /* Settings.swift in Sources */ = {isa = PBXBuildFile; fileRef = 7A6B02AD24A3176300535EA4 /* Settings.swift */; };
		7A6B02AF24A3176300535EA4 /* Settings.swift in Sources */ = {isa = PBXBuildFile; fileRef = 7A6B02AD24A3176300535EA4 /* Settings.swift */; };
		7A6B02B124A3176C00535EA4 /* Information.swift in Sources */ = {isa = PBXBuildFile; fileRef = 7A6B02B024A3176B00535EA4 /* Information.swift */; };
		7A6B02B224A3176C00535EA4 /* Information.swift in Sources */ = {isa = PBXBuildFile; fileRef = 7A6B02B024A3176B00535EA4 /* Information.swift */; };
		7A6B02B424A317B100535EA4 /* The_Sun.swift in Sources */ = {isa = PBXBuildFile; fileRef = 7A6B02B324A317B100535EA4 /* The_Sun.swift */; };
		7A6B02B524A317B100535EA4 /* The_Sun.swift in Sources */ = {isa = PBXBuildFile; fileRef = 7A6B02B324A317B100535EA4 /* The_Sun.swift */; };
		7A6B02B724A317BC00535EA4 /* Planets.swift in Sources */ = {isa = PBXBuildFile; fileRef = 7A6B02B624A317BC00535EA4 /* Planets.swift */; };
		7A6B02B824A317BC00535EA4 /* Planets.swift in Sources */ = {isa = PBXBuildFile; fileRef = 7A6B02B624A317BC00535EA4 /* Planets.swift */; };
		7A6B02BA24A317C600535EA4 /* Dwarf Planets.swift in Sources */ = {isa = PBXBuildFile; fileRef = 7A6B02B924A317C600535EA4 /* Dwarf Planets.swift */; };
		7A6B02BB24A317C600535EA4 /* Dwarf Planets.swift in Sources */ = {isa = PBXBuildFile; fileRef = 7A6B02B924A317C600535EA4 /* Dwarf Planets.swift */; };
/* End PBXBuildFile section */

/* Begin PBXFileReference section */
		7A6B028824A3156800535EA4 /* SpaceApp.swift */ = {isa = PBXFileReference; lastKnownFileType = sourcecode.swift; path = SpaceApp.swift; sourceTree = "<group>"; };
		7A6B028924A3156800535EA4 /* ContentView.swift */ = {isa = PBXFileReference; lastKnownFileType = sourcecode.swift; path = ContentView.swift; sourceTree = "<group>"; };
		7A6B028A24A3156B00535EA4 /* Assets.xcassets */ = {isa = PBXFileReference; lastKnownFileType = folder.assetcatalog; path = Assets.xcassets; sourceTree = "<group>"; };
		7A6B028F24A3156B00535EA4 /* Space.app */ = {isa = PBXFileReference; explicitFileType = wrapper.application; includeInIndex = 0; path = Space.app; sourceTree = BUILT_PRODUCTS_DIR; };
		7A6B029224A3156B00535EA4 /* Info.plist */ = {isa = PBXFileReference; lastKnownFileType = text.plist.xml; path = Info.plist; sourceTree = "<group>"; };
		7A6B029724A3156B00535EA4 /* Space.app */ = {isa = PBXFileReference; explicitFileType = wrapper.application; includeInIndex = 0; path = Space.app; sourceTree = BUILT_PRODUCTS_DIR; };
		7A6B029924A3156B00535EA4 /* Info.plist */ = {isa = PBXFileReference; lastKnownFileType = text.plist.xml; path = Info.plist; sourceTree = "<group>"; };
		7A6B029A24A3156B00535EA4 /* macOS.entitlements */ = {isa = PBXFileReference; lastKnownFileType = text.plist.entitlements; path = macOS.entitlements; sourceTree = "<group>"; };
		7A6B02A924A316F700535EA4 /* Space.entitlements */ = {isa = PBXFileReference; lastKnownFileType = text.plist.entitlements; path = Space.entitlements; sourceTree = "<group>"; };
		7A6B02AA24A3175B00535EA4 /* ARView.swift */ = {isa = PBXFileReference; lastKnownFileType = sourcecode.swift; path = ARView.swift; sourceTree = "<group>"; };
		7A6B02AD24A3176300535EA4 /* Settings.swift */ = {isa = PBXFileReference; lastKnownFileType = sourcecode.swift; path = Settings.swift; sourceTree = "<group>"; };
		7A6B02B024A3176B00535EA4 /* Information.swift */ = {isa = PBXFileReference; lastKnownFileType = sourcecode.swift; path = Information.swift; sourceTree = "<group>"; };
		7A6B02B324A317B100535EA4 /* The_Sun.swift */ = {isa = PBXFileReference; lastKnownFileType = sourcecode.swift; path = The_Sun.swift; sourceTree = "<group>"; };
		7A6B02B624A317BC00535EA4 /* Planets.swift */ = {isa = PBXFileReference; lastKnownFileType = sourcecode.swift; path = Planets.swift; sourceTree = "<group>"; };
		7A6B02B924A317C600535EA4 /* Dwarf Planets.swift */ = {isa = PBXFileReference; lastKnownFileType = sourcecode.swift; path = "Dwarf Planets.swift"; sourceTree = "<group>"; };
/* End PBXFileReference section */

/* Begin PBXFrameworksBuildPhase section */
		7A6B028C24A3156B00535EA4 /* Frameworks */ = {
			isa = PBXFrameworksBuildPhase;
			buildActionMask = 2147483647;
			files = (
			);
			runOnlyForDeploymentPostprocessing = 0;
		};
		7A6B029424A3156B00535EA4 /* Frameworks */ = {
			isa = PBXFrameworksBuildPhase;
			buildActionMask = 2147483647;
			files = (
			);
			runOnlyForDeploymentPostprocessing = 0;
		};
/* End PBXFrameworksBuildPhase section */

/* Begin PBXGroup section */
		7A6B028224A3156800535EA4 = {
			isa = PBXGroup;
			children = (
				7A6B028724A3156800535EA4 /* Shared */,
				7A6B029124A3156B00535EA4 /* iOS */,
				7A6B029824A3156B00535EA4 /* macOS */,
				7A6B029024A3156B00535EA4 /* Products */,
			);
			sourceTree = "<group>";
		};
		7A6B028724A3156800535EA4 /* Shared */ = {
			isa = PBXGroup;
			children = (
				7A6B028824A3156800535EA4 /* SpaceApp.swift */,
				7A6B028924A3156800535EA4 /* ContentView.swift */,
				7A6B028A24A3156B00535EA4 /* Assets.xcassets */,
				7A6B02AA24A3175B00535EA4 /* ARView.swift */,
				7A6B02AD24A3176300535EA4 /* Settings.swift */,
				7A6B02B024A3176B00535EA4 /* Information.swift */,
				7A6B02B324A317B100535EA4 /* The_Sun.swift */,
				7A6B02B624A317BC00535EA4 /* Planets.swift */,
				7A6B02B924A317C600535EA4 /* Dwarf Planets.swift */,
			);
			path = Shared;
			sourceTree = "<group>";
		};
		7A6B029024A3156B00535EA4 /* Products */ = {
			isa = PBXGroup;
			children = (
				7A6B028F24A3156B00535EA4 /* Space.app */,
				7A6B029724A3156B00535EA4 /* Space.app */,
			);
			name = Products;
			sourceTree = "<group>";
		};
		7A6B029124A3156B00535EA4 /* iOS */ = {
			isa = PBXGroup;
			children = (
				7A6B02A924A316F700535EA4 /* Space.entitlements */,
				7A6B029224A3156B00535EA4 /* Info.plist */,
			);
			path = iOS;
			sourceTree = "<group>";
		};
		7A6B029824A3156B00535EA4 /* macOS */ = {
			isa = PBXGroup;
			children = (
				7A6B029924A3156B00535EA4 /* Info.plist */,
				7A6B029A24A3156B00535EA4 /* macOS.entitlements */,
			);
			path = macOS;
			sourceTree = "<group>";
		};
/* End PBXGroup section */

/* Begin PBXNativeTarget section */
		7A6B028E24A3156B00535EA4 /* iOS */ = {
			isa = PBXNativeTarget;
			buildConfigurationList = 7A6B02A324A3156B00535EA4 /* Build configuration list for PBXNativeTarget "iOS" */;
			buildPhases = (
				7A6B028B24A3156B00535EA4 /* Sources */,
				7A6B028C24A3156B00535EA4 /* Frameworks */,
				7A6B028D24A3156B00535EA4 /* Resources */,
			);
			buildRules = (
			);
			dependencies = (
			);
			name = iOS;
			productName = iOS;
			productReference = 7A6B028F24A3156B00535EA4 /* Space.app */;
			productType = "com.apple.product-type.application";
		};
		7A6B029624A3156B00535EA4 /* macOS */ = {
			isa = PBXNativeTarget;
			buildConfigurationList = 7A6B02A624A3156B00535EA4 /* Build configuration list for PBXNativeTarget "macOS" */;
			buildPhases = (
				7A6B029324A3156B00535EA4 /* Sources */,
				7A6B029424A3156B00535EA4 /* Frameworks */,
				7A6B029524A3156B00535EA4 /* Resources */,
			);
			buildRules = (
			);
			dependencies = (
			);
			name = macOS;
			productName = macOS;
			productReference = 7A6B029724A3156B00535EA4 /* Space.app */;
			productType = "com.apple.product-type.application";
		};
/* End PBXNativeTarget section */

/* Begin PBXProject section */
		7A6B028324A3156800535EA4 /* Project object */ = {
			isa = PBXProject;
			attributes = {
				LastSwiftUpdateCheck = 1200;
				LastUpgradeCheck = 1200;
				TargetAttributes = {
					7A6B028E24A3156B00535EA4 = {
						CreatedOnToolsVersion = 12.0;
					};
					7A6B029624A3156B00535EA4 = {
						CreatedOnToolsVersion = 12.0;
					};
				};
			};
			buildConfigurationList = 7A6B028624A3156800535EA4 /* Build configuration list for PBXProject "Space" */;
			compatibilityVersion = "Xcode 9.3";
			developmentRegion = en;
			hasScannedForEncodings = 0;
			knownRegions = (
				en,
				Base,
			);
			mainGroup = 7A6B028224A3156800535EA4;
			productRefGroup = 7A6B029024A3156B00535EA4 /* Products */;
			projectDirPath = "";
			projectRoot = "";
			targets = (
				7A6B028E24A3156B00535EA4 /* iOS */,
				7A6B029624A3156B00535EA4 /* macOS */,
			);
		};
/* End PBXProject section */

/* Begin PBXResourcesBuildPhase section */
		7A6B028D24A3156B00535EA4 /* Resources */ = {
			isa = PBXResourcesBuildPhase;
			buildActionMask = 2147483647;
			files = (
				7A6B029F24A3156B00535EA4 /* Assets.xcassets in Resources */,
			);
			runOnlyForDeploymentPostprocessing = 0;
		};
		7A6B029524A3156B00535EA4 /* Resources */ = {
			isa = PBXResourcesBuildPhase;
			buildActionMask = 2147483647;
			files = (
				7A6B02A024A3156B00535EA4 /* Assets.xcassets in Resources */,
			);
			runOnlyForDeploymentPostprocessing = 0;
		};
/* End PBXResourcesBuildPhase section */

/* Begin PBXSourcesBuildPhase section */
		7A6B028B24A3156B00535EA4 /* Sources */ = {
			isa = PBXSourcesBuildPhase;
			buildActionMask = 2147483647;
			files = (
				7A6B029D24A3156B00535EA4 /* ContentView.swift in Sources */,
				7A6B02BA24A317C600535EA4 /* Dwarf Planets.swift in Sources */,
				7A6B02B724A317BC00535EA4 /* Planets.swift in Sources */,
				7A6B029B24A3156B00535EA4 /* SpaceApp.swift in Sources */,
				7A6B02B424A317B100535EA4 /* The_Sun.swift in Sources */,
				7A6B02AE24A3176300535EA4 /* Settings.swift in Sources */,
				7A6B02B124A3176C00535EA4 /* Information.swift in Sources */,
				7A6B02AB24A3175B00535EA4 /* ARView.swift in Sources */,
			);
			runOnlyForDeploymentPostprocessing = 0;
		};
		7A6B029324A3156B00535EA4 /* Sources */ = {
			isa = PBXSourcesBuildPhase;
			buildActionMask = 2147483647;
			files = (
				7A6B029E24A3156B00535EA4 /* ContentView.swift in Sources */,
				7A6B02BB24A317C600535EA4 /* Dwarf Planets.swift in Sources */,
				7A6B02B824A317BC00535EA4 /* Planets.swift in Sources */,
				7A6B029C24A3156B00535EA4 /* SpaceApp.swift in Sources */,
				7A6B02B524A317B100535EA4 /* The_Sun.swift in Sources */,
				7A6B02AF24A3176300535EA4 /* Settings.swift in Sources */,
				7A6B02B224A3176C00535EA4 /* Information.swift in Sources */,
				7A6B02AC24A3175B00535EA4 /* ARView.swift in Sources */,
			);
			runOnlyForDeploymentPostprocessing = 0;
		};
/* End PBXSourcesBuildPhase section */

/* Begin XCBuildConfiguration section */
		7A6B02A124A3156B00535EA4 /* Debug */ = {
			isa = XCBuildConfiguration;
			buildSettings = {
				ALWAYS_SEARCH_USER_PATHS = NO;
				CLANG_ANALYZER_NONNULL = YES;
				CLANG_ANALYZER_NUMBER_OBJECT_CONVERSION = YES_AGGRESSIVE;
				CLANG_CXX_LANGUAGE_STANDARD = "gnu++14";
				CLANG_CXX_LIBRARY = "libc++";
				CLANG_ENABLE_MODULES = YES;
				CLANG_ENABLE_OBJC_ARC = YES;
				CLANG_ENABLE_OBJC_WEAK = YES;
				CLANG_WARN_BLOCK_CAPTURE_AUTORELEASING = YES;
				CLANG_WARN_BOOL_CONVERSION = YES;
				CLANG_WARN_COMMA = YES;
				CLANG_WARN_CONSTANT_CONVERSION = YES;
				CLANG_WARN_DEPRECATED_OBJC_IMPLEMENTATIONS = YES;
				CLANG_WARN_DIRECT_OBJC_ISA_USAGE = YES_ERROR;
				CLANG_WARN_DOCUMENTATION_COMMENTS = YES;
				CLANG_WARN_EMPTY_BODY = YES;
				CLANG_WARN_ENUM_CONVERSION = YES;
				CLANG_WARN_INFINITE_RECURSION = YES;
				CLANG_WARN_INT_CONVERSION = YES;
				CLANG_WARN_NON_LITERAL_NULL_CONVERSION = YES;
				CLANG_WARN_OBJC_IMPLICIT_RETAIN_SELF = YES;
				CLANG_WARN_OBJC_LITERAL_CONVERSION = YES;
				CLANG_WARN_OBJC_ROOT_CLASS = YES_ERROR;
				CLANG_WARN_QUOTED_INCLUDE_IN_FRAMEWORK_HEADER = YES;
				CLANG_WARN_RANGE_LOOP_ANALYSIS = YES;
				CLANG_WARN_STRICT_PROTOTYPES = YES;
				CLANG_WARN_SUSPICIOUS_MOVE = YES;
				CLANG_WARN_UNGUARDED_AVAILABILITY = YES_AGGRESSIVE;
				CLANG_WARN_UNREACHABLE_CODE = YES;
				CLANG_WARN__DUPLICATE_METHOD_MATCH = YES;
				COPY_PHASE_STRIP = NO;
				DEBUG_INFORMATION_FORMAT = dwarf;
				ENABLE_STRICT_OBJC_MSGSEND = YES;
				ENABLE_TESTABILITY = YES;
				GCC_C_LANGUAGE_STANDARD = gnu11;
				GCC_DYNAMIC_NO_PIC = NO;
				GCC_NO_COMMON_BLOCKS = YES;
				GCC_OPTIMIZATION_LEVEL = 0;
				GCC_PREPROCESSOR_DEFINITIONS = (
					"DEBUG=1",
					"$(inherited)",
				);
				GCC_WARN_64_TO_32_BIT_CONVERSION = YES;
				GCC_WARN_ABOUT_RETURN_TYPE = YES_ERROR;
				GCC_WARN_UNDECLARED_SELECTOR = YES;
				GCC_WARN_UNINITIALIZED_AUTOS = YES_AGGRESSIVE;
				GCC_WARN_UNUSED_FUNCTION = YES;
				GCC_WARN_UNUSED_VARIABLE = YES;
				MTL_ENABLE_DEBUG_INFO = INCLUDE_SOURCE;
				MTL_FAST_MATH = YES;
				ONLY_ACTIVE_ARCH = YES;
				SWIFT_ACTIVE_COMPILATION_CONDITIONS = DEBUG;
				SWIFT_OPTIMIZATION_LEVEL = "-Onone";
			};
			name = Debug;
		};
		7A6B02A224A3156B00535EA4 /* Release */ = {
			isa = XCBuildConfiguration;
			buildSettings = {
				ALWAYS_SEARCH_USER_PATHS = NO;
				CLANG_ANALYZER_NONNULL = YES;
				CLANG_ANALYZER_NUMBER_OBJECT_CONVERSION = YES_AGGRESSIVE;
				CLANG_CXX_LANGUAGE_STANDARD = "gnu++14";
				CLANG_CXX_LIBRARY = "libc++";
				CLANG_ENABLE_MODULES = YES;
				CLANG_ENABLE_OBJC_ARC = YES;
				CLANG_ENABLE_OBJC_WEAK = YES;
				CLANG_WARN_BLOCK_CAPTURE_AUTORELEASING = YES;
				CLANG_WARN_BOOL_CONVERSION = YES;
				CLANG_WARN_COMMA = YES;
				CLANG_WARN_CONSTANT_CONVERSION = YES;
				CLANG_WARN_DEPRECATED_OBJC_IMPLEMENTATIONS = YES;
				CLANG_WARN_DIRECT_OBJC_ISA_USAGE = YES_ERROR;
				CLANG_WARN_DOCUMENTATION_COMMENTS = YES;
				CLANG_WARN_EMPTY_BODY = YES;
				CLANG_WARN_ENUM_CONVERSION = YES;
				CLANG_WARN_INFINITE_RECURSION = YES;
				CLANG_WARN_INT_CONVERSION = YES;
				CLANG_WARN_NON_LITERAL_NULL_CONVERSION = YES;
				CLANG_WARN_OBJC_IMPLICIT_RETAIN_SELF = YES;
				CLANG_WARN_OBJC_LITERAL_CONVERSION = YES;
				CLANG_WARN_OBJC_ROOT_CLASS = YES_ERROR;
				CLANG_WARN_QUOTED_INCLUDE_IN_FRAMEWORK_HEADER = YES;
				CLANG_WARN_RANGE_LOOP_ANALYSIS = YES;
				CLANG_WARN_STRICT_PROTOTYPES = YES;
				CLANG_WARN_SUSPICIOUS_MOVE = YES;
				CLANG_WARN_UNGUARDED_AVAILABILITY = YES_AGGRESSIVE;
				CLANG_WARN_UNREACHABLE_CODE = YES;
				CLANG_WARN__DUPLICATE_METHOD_MATCH = YES;
				COPY_PHASE_STRIP = NO;
				DEBUG_INFORMATION_FORMAT = "dwarf-with-dsym";
				ENABLE_NS_ASSERTIONS = NO;
				ENABLE_STRICT_OBJC_MSGSEND = YES;
				GCC_C_LANGUAGE_STANDARD = gnu11;
				GCC_NO_COMMON_BLOCKS = YES;
				GCC_WARN_64_TO_32_BIT_CONVERSION = YES;
				GCC_WARN_ABOUT_RETURN_TYPE = YES_ERROR;
				GCC_WARN_UNDECLARED_SELECTOR = YES;
				GCC_WARN_UNINITIALIZED_AUTOS = YES_AGGRESSIVE;
				GCC_WARN_UNUSED_FUNCTION = YES;
				GCC_WARN_UNUSED_VARIABLE = YES;
				MTL_ENABLE_DEBUG_INFO = NO;
				MTL_FAST_MATH = YES;
				SWIFT_COMPILATION_MODE = wholemodule;
				SWIFT_OPTIMIZATION_LEVEL = "-O";
			};
			name = Release;
		};
		7A6B02A424A3156B00535EA4 /* Debug */ = {
			isa = XCBuildConfiguration;
			buildSettings = {
				ASSETCATALOG_COMPILER_APPICON_NAME = AppIcon;
				ASSETCATALOG_COMPILER_GLOBAL_ACCENT_COLOR_NAME = AccentColor;
				CODE_SIGN_ENTITLEMENTS = iOS/Space.entitlements;
				CODE_SIGN_STYLE = Automatic;
				DEVELOPMENT_TEAM = VHCWBN8GY3;
				ENABLE_PREVIEWS = YES;
				INFOPLIST_FILE = iOS/Info.plist;
				IPHONEOS_DEPLOYMENT_TARGET = 14.0;
				LD_RUNPATH_SEARCH_PATHS = (
					"$(inherited)",
					"@executable_path/Frameworks",
				);
				PRODUCT_BUNDLE_IDENTIFIER = novapro.Space;
				PRODUCT_NAME = Space;
				SDKROOT = iphoneos;
				SUPPORTS_MACCATALYST = NO;
				SWIFT_VERSION = 5.0;
				TARGETED_DEVICE_FAMILY = "1,2";
			};
			name = Debug;
		};
		7A6B02A524A3156B00535EA4 /* Release */ = {
			isa = XCBuildConfiguration;
			buildSettings = {
				ASSETCATALOG_COMPILER_APPICON_NAME = AppIcon;
				ASSETCATALOG_COMPILER_GLOBAL_ACCENT_COLOR_NAME = AccentColor;
				CODE_SIGN_ENTITLEMENTS = iOS/Space.entitlements;
				CODE_SIGN_STYLE = Automatic;
				DEVELOPMENT_TEAM = VHCWBN8GY3;
				ENABLE_PREVIEWS = YES;
				INFOPLIST_FILE = iOS/Info.plist;
				IPHONEOS_DEPLOYMENT_TARGET = 14.0;
				LD_RUNPATH_SEARCH_PATHS = (
					"$(inherited)",
					"@executable_path/Frameworks",
				);
				PRODUCT_BUNDLE_IDENTIFIER = novapro.Space;
				PRODUCT_NAME = Space;
				SDKROOT = iphoneos;
				SUPPORTS_MACCATALYST = NO;
				SWIFT_VERSION = 5.0;
				TARGETED_DEVICE_FAMILY = "1,2";
				VALIDATE_PRODUCT = YES;
			};
			name = Release;
		};
		7A6B02A724A3156B00535EA4 /* Debug */ = {
			isa = XCBuildConfiguration;
			buildSettings = {
				ASSETCATALOG_COMPILER_APPICON_NAME = AppIcon;
				ASSETCATALOG_COMPILER_GLOBAL_ACCENT_COLOR_NAME = AccentColor;
				CODE_SIGN_ENTITLEMENTS = macOS/macOS.entitlements;
				CODE_SIGN_STYLE = Automatic;
				COMBINE_HIDPI_IMAGES = YES;
				DEVELOPMENT_TEAM = VBY3L3W5ZA;
				ENABLE_HARDENED_RUNTIME = YES;
				ENABLE_PREVIEWS = YES;
				INFOPLIST_FILE = macOS/Info.plist;
				LD_RUNPATH_SEARCH_PATHS = (
					"$(inherited)",
					"@executable_path/../Frameworks",
				);
				MACOSX_DEPLOYMENT_TARGET = 10.16;
				PRODUCT_BUNDLE_IDENTIFIER = "Devray-Boutique.Space";
				PRODUCT_NAME = Space;
				SDKROOT = macosx;
				SWIFT_VERSION = 5.0;
			};
			name = Debug;
		};
		7A6B02A824A3156B00535EA4 /* Release */ = {
			isa = XCBuildConfiguration;
			buildSettings = {
				ASSETCATALOG_COMPILER_APPICON_NAME = AppIcon;
				ASSETCATALOG_COMPILER_GLOBAL_ACCENT_COLOR_NAME = AccentColor;
				CODE_SIGN_ENTITLEMENTS = macOS/macOS.entitlements;
				CODE_SIGN_STYLE = Automatic;
				COMBINE_HIDPI_IMAGES = YES;
				DEVELOPMENT_TEAM = VBY3L3W5ZA;
				ENABLE_HARDENED_RUNTIME = YES;
				ENABLE_PREVIEWS = YES;
				INFOPLIST_FILE = macOS/Info.plist;
				LD_RUNPATH_SEARCH_PATHS = (
					"$(inherited)",
					"@executable_path/../Frameworks",
				);
				MACOSX_DEPLOYMENT_TARGET = 10.16;
				PRODUCT_BUNDLE_IDENTIFIER = "Devray-Boutique.Space";
				PRODUCT_NAME = Space;
				SDKROOT = macosx;
				SWIFT_VERSION = 5.0;
			};
			name = Release;
		};
/* End XCBuildConfiguration section */

/* Begin XCConfigurationList section */
		7A6B028624A3156800535EA4 /* Build configuration list for PBXProject "Space" */ = {
			isa = XCConfigurationList;
			buildConfigurations = (
				7A6B02A124A3156B00535EA4 /* Debug */,
				7A6B02A224A3156B00535EA4 /* Release */,
			);
			defaultConfigurationIsVisible = 0;
			defaultConfigurationName = Release;
		};
		7A6B02A324A3156B00535EA4 /* Build configuration list for PBXNativeTarget "iOS" */ = {
			isa = XCConfigurationList;
			buildConfigurations = (
				7A6B02A424A3156B00535EA4 /* Debug */,
				7A6B02A524A3156B00535EA4 /* Release */,
			);
			defaultConfigurationIsVisible = 0;
			defaultConfigurationName = Release;
		};
		7A6B02A624A3156B00535EA4 /* Build configuration list for PBXNativeTarget "macOS" */ = {
			isa = XCConfigurationList;
			buildConfigurations = (
				7A6B02A724A3156B00535EA4 /* Debug */,
				7A6B02A824A3156B00535EA4 /* Release */,
			);
			defaultConfigurationIsVisible = 0;
			defaultConfigurationName = Release;
		};
/* End XCConfigurationList section */
	};
	rootObject = 7A6B028324A3156800535EA4 /* Project object */;
}
