// !$*UTF8*$!
{
	archiveVersion = 1;
	classes = {
	};
	objectVersion = 50;
	objects = {

/* Begin PBXBuildFile section */
		653DFAA925732CE10022A8BC /* AppDelegate.swift in Sources */ = {isa = PBXBuildFile; fileRef = 653DFAA825732CE10022A8BC /* AppDelegate.swift */; };
		653DFAAB25732CE10022A8BC /* ContentView.swift in Sources */ = {isa = PBXBuildFile; fileRef = 653DFAAA25732CE10022A8BC /* ContentView.swift */; };
		653DFAAF25732CE30022A8BC /* Assets.xcassets in Resources */ = {isa = PBXBuildFile; fileRef = 653DFAAE25732CE30022A8BC /* Assets.xcassets */; };
		653DFAB225732CE30022A8BC /* Preview Assets.xcassets in Resources */ = {isa = PBXBuildFile; fileRef = 653DFAB125732CE30022A8BC /* Preview Assets.xcassets */; };
		659BE5CB2573358B001418DF /* untitled.usdc in Resources */ = {isa = PBXBuildFile; fileRef = 659BE5C92573358B001418DF /* untitled.usdc */; };
		659BE5CC2573358B001418DF /* untitled.scn in Resources */ = {isa = PBXBuildFile; fileRef = 659BE5CA2573358B001418DF /* untitled.scn */; };
		659BE5D3257336E2001418DF /* Navigation.swift in Sources */ = {isa = PBXBuildFile; fileRef = 659BE5D0257336E2001418DF /* Navigation.swift */; };
		659BE5D4257336E2001418DF /* AppSideNavigation.swift in Sources */ = {isa = PBXBuildFile; fileRef = 659BE5D1257336E2001418DF /* AppSideNavigation.swift */; };
		659BE5D5257336E2001418DF /* AppTabNavigation.swift in Sources */ = {isa = PBXBuildFile; fileRef = 659BE5D2257336E2001418DF /* AppTabNavigation.swift */; };
/* End PBXBuildFile section */

/* Begin PBXFileReference section */
		653DFAA525732CE10022A8BC /* Space.app */ = {isa = PBXFileReference; explicitFileType = wrapper.application; includeInIndex = 0; path = Space.app; sourceTree = BUILT_PRODUCTS_DIR; };
		653DFAA825732CE10022A8BC /* AppDelegate.swift */ = {isa = PBXFileReference; lastKnownFileType = sourcecode.swift; path = AppDelegate.swift; sourceTree = "<group>"; };
		653DFAAA25732CE10022A8BC /* ContentView.swift */ = {isa = PBXFileReference; lastKnownFileType = sourcecode.swift; path = ContentView.swift; sourceTree = "<group>"; };
		653DFAAE25732CE30022A8BC /* Assets.xcassets */ = {isa = PBXFileReference; lastKnownFileType = folder.assetcatalog; path = Assets.xcassets; sourceTree = "<group>"; };
		653DFAB125732CE30022A8BC /* Preview Assets.xcassets */ = {isa = PBXFileReference; lastKnownFileType = folder.assetcatalog; path = "Preview Assets.xcassets"; sourceTree = "<group>"; };
		653DFAB325732CE30022A8BC /* Info.plist */ = {isa = PBXFileReference; lastKnownFileType = text.plist.xml; path = Info.plist; sourceTree = "<group>"; };
		653DFAC2257334670022A8BC /* untitled.usdc */ = {isa = PBXFileReference; lastKnownFileType = file; path = untitled.usdc; sourceTree = "<group>"; };
		659BE5C92573358B001418DF /* untitled.usdc */ = {isa = PBXFileReference; lastKnownFileType = file; path = untitled.usdc; sourceTree = "<group>"; };
		659BE5CA2573358B001418DF /* untitled.scn */ = {isa = PBXFileReference; lastKnownFileType = file.bplist; path = untitled.scn; sourceTree = "<group>"; };
		659BE5D0257336E2001418DF /* Navigation.swift */ = {isa = PBXFileReference; fileEncoding = 4; lastKnownFileType = sourcecode.swift; path = Navigation.swift; sourceTree = "<group>"; };
		659BE5D1257336E2001418DF /* AppSideNavigation.swift */ = {isa = PBXFileReference; fileEncoding = 4; lastKnownFileType = sourcecode.swift; path = AppSideNavigation.swift; sourceTree = "<group>"; };
		659BE5D2257336E2001418DF /* AppTabNavigation.swift */ = {isa = PBXFileReference; fileEncoding = 4; lastKnownFileType = sourcecode.swift; path = AppTabNavigation.swift; sourceTree = "<group>"; };
/* End PBXFileReference section */

/* Begin PBXFrameworksBuildPhase section */
		653DFAA225732CE10022A8BC /* Frameworks */ = {
			isa = PBXFrameworksBuildPhase;
			buildActionMask = 2147483647;
			files = (
			);
			runOnlyForDeploymentPostprocessing = 0;
		};
/* End PBXFrameworksBuildPhase section */

/* Begin PBXGroup section */
		653DFA9C25732CE10022A8BC = {
			isa = PBXGroup;
			children = (
				653DFAA725732CE10022A8BC /* Space */,
				653DFAA625732CE10022A8BC /* Products */,
			);
			sourceTree = "<group>";
		};
		653DFAA625732CE10022A8BC /* Products */ = {
			isa = PBXGroup;
			children = (
				653DFAA525732CE10022A8BC /* Space.app */,
			);
			name = Products;
			sourceTree = "<group>";
		};
		653DFAA725732CE10022A8BC /* Space */ = {
			isa = PBXGroup;
			children = (
				659BE5C82573358B001418DF /* Models */,
				653DFAC2257334670022A8BC /* untitled.usdc */,
				653DFAA825732CE10022A8BC /* AppDelegate.swift */,
				659BE5CF257336E2001418DF /* Navigation */,
				653DFAAA25732CE10022A8BC /* ContentView.swift */,
				653DFAAE25732CE30022A8BC /* Assets.xcassets */,
				653DFAB325732CE30022A8BC /* Info.plist */,
				653DFAB025732CE30022A8BC /* Preview Content */,
			);
			path = Space;
			sourceTree = "<group>";
		};
		653DFAB025732CE30022A8BC /* Preview Content */ = {
			isa = PBXGroup;
			children = (
				653DFAB125732CE30022A8BC /* Preview Assets.xcassets */,
			);
			path = "Preview Content";
			sourceTree = "<group>";
		};
		659BE5C82573358B001418DF /* Models */ = {
			isa = PBXGroup;
			children = (
				659BE5C92573358B001418DF /* untitled.usdc */,
				659BE5CA2573358B001418DF /* untitled.scn */,
			);
			path = Models;
			sourceTree = "<group>";
		};
		659BE5CF257336E2001418DF /* Navigation */ = {
			isa = PBXGroup;
			children = (
				659BE5D0257336E2001418DF /* Navigation.swift */,
				659BE5D1257336E2001418DF /* AppSideNavigation.swift */,
				659BE5D2257336E2001418DF /* AppTabNavigation.swift */,
			);
			path = Navigation;
			sourceTree = "<group>";
		};
/* End PBXGroup section */

/* Begin PBXNativeTarget section */
		653DFAA425732CE10022A8BC /* Space */ = {
			isa = PBXNativeTarget;
			buildConfigurationList = 653DFAB625732CE30022A8BC /* Build configuration list for PBXNativeTarget "Space" */;
			buildPhases = (
				653DFAA125732CE10022A8BC /* Sources */,
				653DFAA225732CE10022A8BC /* Frameworks */,
				653DFAA325732CE10022A8BC /* Resources */,
			);
			buildRules = (
			);
			dependencies = (
			);
			name = Space;
			productName = Space;
			productReference = 653DFAA525732CE10022A8BC /* Space.app */;
			productType = "com.apple.product-type.application";
		};
/* End PBXNativeTarget section */

/* Begin PBXProject section */
		653DFA9D25732CE10022A8BC /* Project object */ = {
			isa = PBXProject;
			attributes = {
				LastSwiftUpdateCheck = 1230;
				LastUpgradeCheck = 1230;
				TargetAttributes = {
					653DFAA425732CE10022A8BC = {
						CreatedOnToolsVersion = 12.3;
					};
				};
			};
			buildConfigurationList = 653DFAA025732CE10022A8BC /* Build configuration list for PBXProject "Space" */;
			compatibilityVersion = "Xcode 9.3";
			developmentRegion = en;
			hasScannedForEncodings = 0;
			knownRegions = (
				en,
				Base,
			);
			mainGroup = 653DFA9C25732CE10022A8BC;
			productRefGroup = 653DFAA625732CE10022A8BC /* Products */;
			projectDirPath = "";
			projectRoot = "";
			targets = (
				653DFAA425732CE10022A8BC /* Space */,
			);
		};
/* End PBXProject section */

/* Begin PBXResourcesBuildPhase section */
		653DFAA325732CE10022A8BC /* Resources */ = {
			isa = PBXResourcesBuildPhase;
			buildActionMask = 2147483647;
			files = (
				653DFAB225732CE30022A8BC /* Preview Assets.xcassets in Resources */,
				653DFAAF25732CE30022A8BC /* Assets.xcassets in Resources */,
				659BE5CB2573358B001418DF /* untitled.usdc in Resources */,
				659BE5CC2573358B001418DF /* untitled.scn in Resources */,
			);
			runOnlyForDeploymentPostprocessing = 0;
		};
/* End PBXResourcesBuildPhase section */

/* Begin PBXSourcesBuildPhase section */
		653DFAA125732CE10022A8BC /* Sources */ = {
			isa = PBXSourcesBuildPhase;
			buildActionMask = 2147483647;
			files = (
				659BE5D4257336E2001418DF /* AppSideNavigation.swift in Sources */,
				659BE5D3257336E2001418DF /* Navigation.swift in Sources */,
				653DFAAB25732CE10022A8BC /* ContentView.swift in Sources */,
				653DFAA925732CE10022A8BC /* AppDelegate.swift in Sources */,
				659BE5D5257336E2001418DF /* AppTabNavigation.swift in Sources */,
			);
			runOnlyForDeploymentPostprocessing = 0;
		};
/* End PBXSourcesBuildPhase section */

/* Begin XCBuildConfiguration section */
		653DFAB425732CE30022A8BC /* Debug */ = {
			isa = XCBuildConfiguration;
			buildSettings = {
				ALWAYS_SEARCH_USER_PATHS = NO;
				CLANG_ANALYZER_NONNULL = YES;
				CLANG_ANALYZER_NUMBER_OBJECT_CONVERSION = YES_AGGRESSIVE;
				CLANG_CXX_LANGUAGE_STANDARD = "gnu++14";
				CLANG_CXX_LIBRARY = "libc++";
				CLANG_ENABLE_MODULES = YES;
				CLANG_ENABLE_OBJC_ARC = YES;
				CLANG_ENABLE_OBJC_WEAK = YES;
				CLANG_WARN_BLOCK_CAPTURE_AUTORELEASING = YES;
				CLANG_WARN_BOOL_CONVERSION = YES;
				CLANG_WARN_COMMA = YES;
				CLANG_WARN_CONSTANT_CONVERSION = YES;
				CLANG_WARN_DEPRECATED_OBJC_IMPLEMENTATIONS = YES;
				CLANG_WARN_DIRECT_OBJC_ISA_USAGE = YES_ERROR;
				CLANG_WARN_DOCUMENTATION_COMMENTS = YES;
				CLANG_WARN_EMPTY_BODY = YES;
				CLANG_WARN_ENUM_CONVERSION = YES;
				CLANG_WARN_INFINITE_RECURSION = YES;
				CLANG_WARN_INT_CONVERSION = YES;
				CLANG_WARN_NON_LITERAL_NULL_CONVERSION = YES;
				CLANG_WARN_OBJC_IMPLICIT_RETAIN_SELF = YES;
				CLANG_WARN_OBJC_LITERAL_CONVERSION = YES;
				CLANG_WARN_OBJC_ROOT_CLASS = YES_ERROR;
				CLANG_WARN_QUOTED_INCLUDE_IN_FRAMEWORK_HEADER = YES;
				CLANG_WARN_RANGE_LOOP_ANALYSIS = YES;
				CLANG_WARN_STRICT_PROTOTYPES = YES;
				CLANG_WARN_SUSPICIOUS_MOVE = YES;
				CLANG_WARN_UNGUARDED_AVAILABILITY = YES_AGGRESSIVE;
				CLANG_WARN_UNREACHABLE_CODE = YES;
				CLANG_WARN__DUPLICATE_METHOD_MATCH = YES;
				COPY_PHASE_STRIP = NO;
				DEBUG_INFORMATION_FORMAT = dwarf;
				ENABLE_STRICT_OBJC_MSGSEND = YES;
				ENABLE_TESTABILITY = YES;
				GCC_C_LANGUAGE_STANDARD = gnu11;
				GCC_DYNAMIC_NO_PIC = NO;
				GCC_NO_COMMON_BLOCKS = YES;
				GCC_OPTIMIZATION_LEVEL = 0;
				GCC_PREPROCESSOR_DEFINITIONS = (
					"DEBUG=1",
					"$(inherited)",
				);
				GCC_WARN_64_TO_32_BIT_CONVERSION = YES;
				GCC_WARN_ABOUT_RETURN_TYPE = YES_ERROR;
				GCC_WARN_UNDECLARED_SELECTOR = YES;
				GCC_WARN_UNINITIALIZED_AUTOS = YES_AGGRESSIVE;
				GCC_WARN_UNUSED_FUNCTION = YES;
				GCC_WARN_UNUSED_VARIABLE = YES;
				IPHONEOS_DEPLOYMENT_TARGET = 14.3;
				MTL_ENABLE_DEBUG_INFO = INCLUDE_SOURCE;
				MTL_FAST_MATH = YES;
				ONLY_ACTIVE_ARCH = YES;
				SDKROOT = iphoneos;
				SWIFT_ACTIVE_COMPILATION_CONDITIONS = DEBUG;
				SWIFT_OPTIMIZATION_LEVEL = "-Onone";
			};
			name = Debug;
		};
		653DFAB525732CE30022A8BC /* Release */ = {
			isa = XCBuildConfiguration;
			buildSettings = {
				ALWAYS_SEARCH_USER_PATHS = NO;
				CLANG_ANALYZER_NONNULL = YES;
				CLANG_ANALYZER_NUMBER_OBJECT_CONVERSION = YES_AGGRESSIVE;
				CLANG_CXX_LANGUAGE_STANDARD = "gnu++14";
				CLANG_CXX_LIBRARY = "libc++";
				CLANG_ENABLE_MODULES = YES;
				CLANG_ENABLE_OBJC_ARC = YES;
				CLANG_ENABLE_OBJC_WEAK = YES;
				CLANG_WARN_BLOCK_CAPTURE_AUTORELEASING = YES;
				CLANG_WARN_BOOL_CONVERSION = YES;
				CLANG_WARN_COMMA = YES;
				CLANG_WARN_CONSTANT_CONVERSION = YES;
				CLANG_WARN_DEPRECATED_OBJC_IMPLEMENTATIONS = YES;
				CLANG_WARN_DIRECT_OBJC_ISA_USAGE = YES_ERROR;
				CLANG_WARN_DOCUMENTATION_COMMENTS = YES;
				CLANG_WARN_EMPTY_BODY = YES;
				CLANG_WARN_ENUM_CONVERSION = YES;
				CLANG_WARN_INFINITE_RECURSION = YES;
				CLANG_WARN_INT_CONVERSION = YES;
				CLANG_WARN_NON_LITERAL_NULL_CONVERSION = YES;
				CLANG_WARN_OBJC_IMPLICIT_RETAIN_SELF = YES;
				CLANG_WARN_OBJC_LITERAL_CONVERSION = YES;
				CLANG_WARN_OBJC_ROOT_CLASS = YES_ERROR;
				CLANG_WARN_QUOTED_INCLUDE_IN_FRAMEWORK_HEADER = YES;
				CLANG_WARN_RANGE_LOOP_ANALYSIS = YES;
				CLANG_WARN_STRICT_PROTOTYPES = YES;
				CLANG_WARN_SUSPICIOUS_MOVE = YES;
				CLANG_WARN_UNGUARDED_AVAILABILITY = YES_AGGRESSIVE;
				CLANG_WARN_UNREACHABLE_CODE = YES;
				CLANG_WARN__DUPLICATE_METHOD_MATCH = YES;
				COPY_PHASE_STRIP = NO;
				DEBUG_INFORMATION_FORMAT = "dwarf-with-dsym";
				ENABLE_NS_ASSERTIONS = NO;
				ENABLE_STRICT_OBJC_MSGSEND = YES;
				GCC_C_LANGUAGE_STANDARD = gnu11;
				GCC_NO_COMMON_BLOCKS = YES;
				GCC_WARN_64_TO_32_BIT_CONVERSION = YES;
				GCC_WARN_ABOUT_RETURN_TYPE = YES_ERROR;
				GCC_WARN_UNDECLARED_SELECTOR = YES;
				GCC_WARN_UNINITIALIZED_AUTOS = YES_AGGRESSIVE;
				GCC_WARN_UNUSED_FUNCTION = YES;
				GCC_WARN_UNUSED_VARIABLE = YES;
				IPHONEOS_DEPLOYMENT_TARGET = 14.3;
				MTL_ENABLE_DEBUG_INFO = NO;
				MTL_FAST_MATH = YES;
				SDKROOT = iphoneos;
				SWIFT_COMPILATION_MODE = wholemodule;
				SWIFT_OPTIMIZATION_LEVEL = "-O";
				VALIDATE_PRODUCT = YES;
			};
			name = Release;
		};
		653DFAB725732CE30022A8BC /* Debug */ = {
			isa = XCBuildConfiguration;
			buildSettings = {
				ASSETCATALOG_COMPILER_APPICON_NAME = AppIcon;
				ASSETCATALOG_COMPILER_GLOBAL_ACCENT_COLOR_NAME = AccentColor;
				CODE_SIGN_STYLE = Automatic;
				DEVELOPMENT_ASSET_PATHS = "\"Space/Preview Content\"";
				DEVELOPMENT_TEAM = VHCWBN8GY3;
				ENABLE_PREVIEWS = YES;
				INFOPLIST_FILE = Space/Info.plist;
				IPHONEOS_DEPLOYMENT_TARGET = 14.2;
				LD_RUNPATH_SEARCH_PATHS = (
					"$(inherited)",
					"@executable_path/Frameworks",
				);
				PRODUCT_BUNDLE_IDENTIFIER = novapro.Space;
				PRODUCT_NAME = "$(TARGET_NAME)";
				SWIFT_VERSION = 5.0;
				TARGETED_DEVICE_FAMILY = "1,2";
			};
			name = Debug;
		};
		653DFAB825732CE30022A8BC /* Release */ = {
			isa = XCBuildConfiguration;
			buildSettings = {
				ASSETCATALOG_COMPILER_APPICON_NAME = AppIcon;
				ASSETCATALOG_COMPILER_GLOBAL_ACCENT_COLOR_NAME = AccentColor;
				CODE_SIGN_STYLE = Automatic;
				DEVELOPMENT_ASSET_PATHS = "\"Space/Preview Content\"";
				DEVELOPMENT_TEAM = VHCWBN8GY3;
				ENABLE_PREVIEWS = YES;
				INFOPLIST_FILE = Space/Info.plist;
				IPHONEOS_DEPLOYMENT_TARGET = 14.2;
				LD_RUNPATH_SEARCH_PATHS = (
					"$(inherited)",
					"@executable_path/Frameworks",
				);
				PRODUCT_BUNDLE_IDENTIFIER = novapro.Space;
				PRODUCT_NAME = "$(TARGET_NAME)";
				SWIFT_VERSION = 5.0;
				TARGETED_DEVICE_FAMILY = "1,2";
			};
			name = Release;
		};
/* End XCBuildConfiguration section */

/* Begin XCConfigurationList section */
		653DFAA025732CE10022A8BC /* Build configuration list for PBXProject "Space" */ = {
			isa = XCConfigurationList;
			buildConfigurations = (
				653DFAB425732CE30022A8BC /* Debug */,
				653DFAB525732CE30022A8BC /* Release */,
			);
			defaultConfigurationIsVisible = 0;
			defaultConfigurationName = Release;
		};
		653DFAB625732CE30022A8BC /* Build configuration list for PBXNativeTarget "Space" */ = {
			isa = XCConfigurationList;
			buildConfigurations = (
				653DFAB725732CE30022A8BC /* Debug */,
				653DFAB825732CE30022A8BC /* Release */,
			);
			defaultConfigurationIsVisible = 0;
			defaultConfigurationName = Release;
		};
/* End XCConfigurationList section */
	};
	rootObject = 653DFA9D25732CE10022A8BC /* Project object */;
}
