// !$*UTF8*$!
{
	archiveVersion = 1;
	classes = {
	};
	objectVersion = 50;
	objects = {

/* Begin PBXBuildFile section */
		7A18A5F623F1DF01002305C8 /* landmarkData.json in Resources */ = {isa = PBXBuildFile; fileRef = 7A18A5F523F1DF01002305C8 /* landmarkData.json */; };
		87F4F41C2394655C00EDA388 /* AppDelegate.swift in Sources */ = {isa = PBXBuildFile; fileRef = 87F4F41B2394655C00EDA388 /* AppDelegate.swift */; };
		87F4F41E2394655C00EDA388 /* SceneDelegate.swift in Sources */ = {isa = PBXBuildFile; fileRef = 87F4F41D2394655C00EDA388 /* SceneDelegate.swift */; };
		87F4F4202394655C00EDA388 /* ViewController.swift in Sources */ = {isa = PBXBuildFile; fileRef = 87F4F41F2394655C00EDA388 /* ViewController.swift */; };
		87F4F4232394655C00EDA388 /* Main.storyboard in Resources */ = {isa = PBXBuildFile; fileRef = 87F4F4212394655C00EDA388 /* Main.storyboard */; };
		87F4F4252394656300EDA388 /* Assets.xcassets in Resources */ = {isa = PBXBuildFile; fileRef = 87F4F4242394656300EDA388 /* Assets.xcassets */; };
		87F4F4282394656300EDA388 /* LaunchScreen.storyboard in Resources */ = {isa = PBXBuildFile; fileRef = 87F4F4262394656300EDA388 /* LaunchScreen.storyboard */; };
		87F4F4332394656300EDA388 /* SpaceTests.swift in Sources */ = {isa = PBXBuildFile; fileRef = 87F4F4322394656300EDA388 /* SpaceTests.swift */; };
		87F4F43E2394656300EDA388 /* SpaceUITests.swift in Sources */ = {isa = PBXBuildFile; fileRef = 87F4F43D2394656300EDA388 /* SpaceUITests.swift */; };
/* End PBXBuildFile section */

/* Begin PBXContainerItemProxy section */
		87F4F42F2394656300EDA388 /* PBXContainerItemProxy */ = {
			isa = PBXContainerItemProxy;
			containerPortal = 87F4F4102394655C00EDA388 /* Project object */;
			proxyType = 1;
			remoteGlobalIDString = 87F4F4172394655C00EDA388;
			remoteInfo = Space;
		};
		87F4F43A2394656300EDA388 /* PBXContainerItemProxy */ = {
			isa = PBXContainerItemProxy;
			containerPortal = 87F4F4102394655C00EDA388 /* Project object */;
			proxyType = 1;
			remoteGlobalIDString = 87F4F4172394655C00EDA388;
			remoteInfo = Space;
		};
/* End PBXContainerItemProxy section */

/* Begin PBXFileReference section */
		7A18A5F523F1DF01002305C8 /* landmarkData.json */ = {isa = PBXFileReference; fileEncoding = 4; lastKnownFileType = text.json; name = landmarkData.json; path = ../../Landmarks/HandlingUserInput/StartingPoint/Landmarks/Landmarks/Resources/landmarkData.json; sourceTree = "<group>"; };
		87F4F4182394655C00EDA388 /* Luna.app */ = {isa = PBXFileReference; explicitFileType = wrapper.application; includeInIndex = 0; path = Luna.app; sourceTree = BUILT_PRODUCTS_DIR; };
		87F4F41B2394655C00EDA388 /* AppDelegate.swift */ = {isa = PBXFileReference; lastKnownFileType = sourcecode.swift; path = AppDelegate.swift; sourceTree = "<group>"; };
		87F4F41D2394655C00EDA388 /* SceneDelegate.swift */ = {isa = PBXFileReference; lastKnownFileType = sourcecode.swift; path = SceneDelegate.swift; sourceTree = "<group>"; };
		87F4F41F2394655C00EDA388 /* ViewController.swift */ = {isa = PBXFileReference; lastKnownFileType = sourcecode.swift; path = ViewController.swift; sourceTree = "<group>"; };
		87F4F4222394655C00EDA388 /* Base */ = {isa = PBXFileReference; lastKnownFileType = file.storyboard; name = Base; path = Base.lproj/Main.storyboard; sourceTree = "<group>"; };
		87F4F4242394656300EDA388 /* Assets.xcassets */ = {isa = PBXFileReference; lastKnownFileType = folder.assetcatalog; path = Assets.xcassets; sourceTree = "<group>"; };
		87F4F4272394656300EDA388 /* Base */ = {isa = PBXFileReference; lastKnownFileType = file.storyboard; name = Base; path = Base.lproj/LaunchScreen.storyboard; sourceTree = "<group>"; };
		87F4F4292394656300EDA388 /* Info.plist */ = {isa = PBXFileReference; lastKnownFileType = text.plist.xml; path = Info.plist; sourceTree = "<group>"; };
		87F4F42E2394656300EDA388 /* LunaTests.xctest */ = {isa = PBXFileReference; explicitFileType = wrapper.cfbundle; includeInIndex = 0; path = LunaTests.xctest; sourceTree = BUILT_PRODUCTS_DIR; };
		87F4F4322394656300EDA388 /* SpaceTests.swift */ = {isa = PBXFileReference; lastKnownFileType = sourcecode.swift; path = SpaceTests.swift; sourceTree = "<group>"; };
		87F4F4342394656300EDA388 /* Info.plist */ = {isa = PBXFileReference; lastKnownFileType = text.plist.xml; path = Info.plist; sourceTree = "<group>"; };
		87F4F4392394656300EDA388 /* LunaUITests.xctest */ = {isa = PBXFileReference; explicitFileType = wrapper.cfbundle; includeInIndex = 0; path = LunaUITests.xctest; sourceTree = BUILT_PRODUCTS_DIR; };
		87F4F43D2394656300EDA388 /* SpaceUITests.swift */ = {isa = PBXFileReference; lastKnownFileType = sourcecode.swift; path = SpaceUITests.swift; sourceTree = "<group>"; };
		87F4F43F2394656300EDA388 /* Info.plist */ = {isa = PBXFileReference; lastKnownFileType = text.plist.xml; path = Info.plist; sourceTree = "<group>"; };
/* End PBXFileReference section */

/* Begin PBXFrameworksBuildPhase section */
		87F4F4152394655C00EDA388 /* Frameworks */ = {
			isa = PBXFrameworksBuildPhase;
			buildActionMask = 2147483647;
			files = (
			);
			runOnlyForDeploymentPostprocessing = 0;
		};
		87F4F42B2394656300EDA388 /* Frameworks */ = {
			isa = PBXFrameworksBuildPhase;
			buildActionMask = 2147483647;
			files = (
			);
			runOnlyForDeploymentPostprocessing = 0;
		};
		87F4F4362394656300EDA388 /* Frameworks */ = {
			isa = PBXFrameworksBuildPhase;
			buildActionMask = 2147483647;
			files = (
			);
			runOnlyForDeploymentPostprocessing = 0;
		};
/* End PBXFrameworksBuildPhase section */

/* Begin PBXGroup section */
		87F4F40F2394655C00EDA388 = {
			isa = PBXGroup;
			children = (
				87F4F41A2394655C00EDA388 /* Space */,
				87F4F4312394656300EDA388 /* SpaceTests */,
				87F4F43C2394656300EDA388 /* SpaceUITests */,
				87F4F4192394655C00EDA388 /* Products */,
			);
			sourceTree = "<group>";
		};
		87F4F4192394655C00EDA388 /* Products */ = {
			isa = PBXGroup;
			children = (
				87F4F4182394655C00EDA388 /* Luna.app */,
				87F4F42E2394656300EDA388 /* LunaTests.xctest */,
				87F4F4392394656300EDA388 /* LunaUITests.xctest */,
			);
			name = Products;
			sourceTree = "<group>";
		};
		87F4F41A2394655C00EDA388 /* Space */ = {
			isa = PBXGroup;
			children = (
				87F4F41B2394655C00EDA388 /* AppDelegate.swift */,
				87F4F41D2394655C00EDA388 /* SceneDelegate.swift */,
				87F4F41F2394655C00EDA388 /* ViewController.swift */,
				87F4F4212394655C00EDA388 /* Main.storyboard */,
				7A18A5F523F1DF01002305C8 /* landmarkData.json */,
				87F4F4242394656300EDA388 /* Assets.xcassets */,
				87F4F4262394656300EDA388 /* LaunchScreen.storyboard */,
				87F4F4292394656300EDA388 /* Info.plist */,
			);
			path = Space;
			sourceTree = "<group>";
		};
		87F4F4312394656300EDA388 /* SpaceTests */ = {
			isa = PBXGroup;
			children = (
				87F4F4322394656300EDA388 /* SpaceTests.swift */,
				87F4F4342394656300EDA388 /* Info.plist */,
			);
			path = SpaceTests;
			sourceTree = "<group>";
		};
		87F4F43C2394656300EDA388 /* SpaceUITests */ = {
			isa = PBXGroup;
			children = (
				87F4F43D2394656300EDA388 /* SpaceUITests.swift */,
				87F4F43F2394656300EDA388 /* Info.plist */,
			);
			path = SpaceUITests;
			sourceTree = "<group>";
		};
/* End PBXGroup section */

/* Begin PBXNativeTarget section */
		87F4F4172394655C00EDA388 /* Luna */ = {
			isa = PBXNativeTarget;
			buildConfigurationList = 87F4F4422394656300EDA388 /* Build configuration list for PBXNativeTarget "Luna" */;
			buildPhases = (
				87F4F4142394655C00EDA388 /* Sources */,
				87F4F4152394655C00EDA388 /* Frameworks */,
				87F4F4162394655C00EDA388 /* Resources */,
			);
			buildRules = (
			);
			dependencies = (
			);
			name = Luna;
			productName = Space;
			productReference = 87F4F4182394655C00EDA388 /* Luna.app */;
			productType = "com.apple.product-type.application";
		};
		87F4F42D2394656300EDA388 /* LunaTests */ = {
			isa = PBXNativeTarget;
			buildConfigurationList = 87F4F4452394656300EDA388 /* Build configuration list for PBXNativeTarget "LunaTests" */;
			buildPhases = (
				87F4F42A2394656300EDA388 /* Sources */,
				87F4F42B2394656300EDA388 /* Frameworks */,
				87F4F42C2394656300EDA388 /* Resources */,
			);
			buildRules = (
			);
			dependencies = (
				87F4F4302394656300EDA388 /* PBXTargetDependency */,
			);
			name = LunaTests;
			productName = SpaceTests;
			productReference = 87F4F42E2394656300EDA388 /* LunaTests.xctest */;
			productType = "com.apple.product-type.bundle.unit-test";
		};
		87F4F4382394656300EDA388 /* LunaUITests */ = {
			isa = PBXNativeTarget;
			buildConfigurationList = 87F4F4482394656300EDA388 /* Build configuration list for PBXNativeTarget "LunaUITests" */;
			buildPhases = (
				87F4F4352394656300EDA388 /* Sources */,
				87F4F4362394656300EDA388 /* Frameworks */,
				87F4F4372394656300EDA388 /* Resources */,
			);
			buildRules = (
			);
			dependencies = (
				87F4F43B2394656300EDA388 /* PBXTargetDependency */,
			);
			name = LunaUITests;
			productName = SpaceUITests;
			productReference = 87F4F4392394656300EDA388 /* LunaUITests.xctest */;
			productType = "com.apple.product-type.bundle.ui-testing";
		};
/* End PBXNativeTarget section */

/* Begin PBXProject section */
		87F4F4102394655C00EDA388 /* Project object */ = {
			isa = PBXProject;
			attributes = {
				LastSwiftUpdateCheck = 1120;
				LastUpgradeCheck = 1120;
				ORGANIZATIONNAME = "NOVA Productions";
				TargetAttributes = {
					87F4F4172394655C00EDA388 = {
						CreatedOnToolsVersion = 11.2;
					};
					87F4F42D2394656300EDA388 = {
						CreatedOnToolsVersion = 11.2;
						TestTargetID = 87F4F4172394655C00EDA388;
					};
					87F4F4382394656300EDA388 = {
						CreatedOnToolsVersion = 11.2;
						TestTargetID = 87F4F4172394655C00EDA388;
					};
				};
			};
			buildConfigurationList = 87F4F4132394655C00EDA388 /* Build configuration list for PBXProject "Luna" */;
			compatibilityVersion = "Xcode 9.3";
			developmentRegion = en;
			hasScannedForEncodings = 0;
			knownRegions = (
				en,
				Base,
			);
			mainGroup = 87F4F40F2394655C00EDA388;
			productRefGroup = 87F4F4192394655C00EDA388 /* Products */;
			projectDirPath = "";
			projectRoot = "";
			targets = (
				87F4F4172394655C00EDA388 /* Luna */,
				87F4F42D2394656300EDA388 /* LunaTests */,
				87F4F4382394656300EDA388 /* LunaUITests */,
			);
		};
/* End PBXProject section */

/* Begin PBXResourcesBuildPhase section */
		87F4F4162394655C00EDA388 /* Resources */ = {
			isa = PBXResourcesBuildPhase;
			buildActionMask = 2147483647;
			files = (
				87F4F4282394656300EDA388 /* LaunchScreen.storyboard in Resources */,
				7A18A5F623F1DF01002305C8 /* landmarkData.json in Resources */,
				87F4F4252394656300EDA388 /* Assets.xcassets in Resources */,
				87F4F4232394655C00EDA388 /* Main.storyboard in Resources */,
			);
			runOnlyForDeploymentPostprocessing = 0;
		};
		87F4F42C2394656300EDA388 /* Resources */ = {
			isa = PBXResourcesBuildPhase;
			buildActionMask = 2147483647;
			files = (
			);
			runOnlyForDeploymentPostprocessing = 0;
		};
		87F4F4372394656300EDA388 /* Resources */ = {
			isa = PBXResourcesBuildPhase;
			buildActionMask = 2147483647;
			files = (
			);
			runOnlyForDeploymentPostprocessing = 0;
		};
/* End PBXResourcesBuildPhase section */

/* Begin PBXSourcesBuildPhase section */
		87F4F4142394655C00EDA388 /* Sources */ = {
			isa = PBXSourcesBuildPhase;
			buildActionMask = 2147483647;
			files = (
				87F4F4202394655C00EDA388 /* ViewController.swift in Sources */,
				87F4F41C2394655C00EDA388 /* AppDelegate.swift in Sources */,
				87F4F41E2394655C00EDA388 /* SceneDelegate.swift in Sources */,
			);
			runOnlyForDeploymentPostprocessing = 0;
		};
		87F4F42A2394656300EDA388 /* Sources */ = {
			isa = PBXSourcesBuildPhase;
			buildActionMask = 2147483647;
			files = (
				87F4F4332394656300EDA388 /* SpaceTests.swift in Sources */,
			);
			runOnlyForDeploymentPostprocessing = 0;
		};
		87F4F4352394656300EDA388 /* Sources */ = {
			isa = PBXSourcesBuildPhase;
			buildActionMask = 2147483647;
			files = (
				87F4F43E2394656300EDA388 /* SpaceUITests.swift in Sources */,
			);
			runOnlyForDeploymentPostprocessing = 0;
		};
/* End PBXSourcesBuildPhase section */

/* Begin PBXTargetDependency section */
		87F4F4302394656300EDA388 /* PBXTargetDependency */ = {
			isa = PBXTargetDependency;
			target = 87F4F4172394655C00EDA388 /* Luna */;
			targetProxy = 87F4F42F2394656300EDA388 /* PBXContainerItemProxy */;
		};
		87F4F43B2394656300EDA388 /* PBXTargetDependency */ = {
			isa = PBXTargetDependency;
			target = 87F4F4172394655C00EDA388 /* Luna */;
			targetProxy = 87F4F43A2394656300EDA388 /* PBXContainerItemProxy */;
		};
/* End PBXTargetDependency section */

/* Begin PBXVariantGroup section */
		87F4F4212394655C00EDA388 /* Main.storyboard */ = {
			isa = PBXVariantGroup;
			children = (
				87F4F4222394655C00EDA388 /* Base */,
			);
			name = Main.storyboard;
			sourceTree = "<group>";
		};
		87F4F4262394656300EDA388 /* LaunchScreen.storyboard */ = {
			isa = PBXVariantGroup;
			children = (
				87F4F4272394656300EDA388 /* Base */,
			);
			name = LaunchScreen.storyboard;
			sourceTree = "<group>";
		};
/* End PBXVariantGroup section */

/* Begin XCBuildConfiguration section */
		87F4F4402394656300EDA388 /* Debug */ = {
			isa = XCBuildConfiguration;
			buildSettings = {
				ALWAYS_SEARCH_USER_PATHS = NO;
				CLANG_ANALYZER_NONNULL = YES;
				CLANG_ANALYZER_NUMBER_OBJECT_CONVERSION = YES_AGGRESSIVE;
				CLANG_CXX_LANGUAGE_STANDARD = "gnu++14";
				CLANG_CXX_LIBRARY = "libc++";
				CLANG_ENABLE_MODULES = YES;
				CLANG_ENABLE_OBJC_ARC = YES;
				CLANG_ENABLE_OBJC_WEAK = YES;
				CLANG_WARN_BLOCK_CAPTURE_AUTORELEASING = YES;
				CLANG_WARN_BOOL_CONVERSION = YES;
				CLANG_WARN_COMMA = YES;
				CLANG_WARN_CONSTANT_CONVERSION = YES;
				CLANG_WARN_DEPRECATED_OBJC_IMPLEMENTATIONS = YES;
				CLANG_WARN_DIRECT_OBJC_ISA_USAGE = YES_ERROR;
				CLANG_WARN_DOCUMENTATION_COMMENTS = YES;
				CLANG_WARN_EMPTY_BODY = YES;
				CLANG_WARN_ENUM_CONVERSION = YES;
				CLANG_WARN_INFINITE_RECURSION = YES;
				CLANG_WARN_INT_CONVERSION = YES;
				CLANG_WARN_NON_LITERAL_NULL_CONVERSION = YES;
				CLANG_WARN_OBJC_IMPLICIT_RETAIN_SELF = YES;
				CLANG_WARN_OBJC_LITERAL_CONVERSION = YES;
				CLANG_WARN_OBJC_ROOT_CLASS = YES_ERROR;
				CLANG_WARN_RANGE_LOOP_ANALYSIS = YES;
				CLANG_WARN_STRICT_PROTOTYPES = YES;
				CLANG_WARN_SUSPICIOUS_MOVE = YES;
				CLANG_WARN_UNGUARDED_AVAILABILITY = YES_AGGRESSIVE;
				CLANG_WARN_UNREACHABLE_CODE = YES;
				CLANG_WARN__DUPLICATE_METHOD_MATCH = YES;
				COPY_PHASE_STRIP = NO;
				DEBUG_INFORMATION_FORMAT = dwarf;
				ENABLE_STRICT_OBJC_MSGSEND = YES;
				ENABLE_TESTABILITY = YES;
				GCC_C_LANGUAGE_STANDARD = gnu11;
				GCC_DYNAMIC_NO_PIC = NO;
				GCC_NO_COMMON_BLOCKS = YES;
				GCC_OPTIMIZATION_LEVEL = 0;
				GCC_PREPROCESSOR_DEFINITIONS = (
					"DEBUG=1",
					"$(inherited)",
				);
				GCC_WARN_64_TO_32_BIT_CONVERSION = YES;
				GCC_WARN_ABOUT_RETURN_TYPE = YES_ERROR;
				GCC_WARN_UNDECLARED_SELECTOR = YES;
				GCC_WARN_UNINITIALIZED_AUTOS = YES_AGGRESSIVE;
				GCC_WARN_UNUSED_FUNCTION = YES;
				GCC_WARN_UNUSED_VARIABLE = YES;
				IPHONEOS_DEPLOYMENT_TARGET = 13.2;
				MTL_ENABLE_DEBUG_INFO = INCLUDE_SOURCE;
				MTL_FAST_MATH = YES;
				ONLY_ACTIVE_ARCH = YES;
				SDKROOT = iphoneos;
				SWIFT_ACTIVE_COMPILATION_CONDITIONS = DEBUG;
				SWIFT_OPTIMIZATION_LEVEL = "-Onone";
			};
			name = Debug;
		};
		87F4F4412394656300EDA388 /* Release */ = {
			isa = XCBuildConfiguration;
			buildSettings = {
				ALWAYS_SEARCH_USER_PATHS = NO;
				CLANG_ANALYZER_NONNULL = YES;
				CLANG_ANALYZER_NUMBER_OBJECT_CONVERSION = YES_AGGRESSIVE;
				CLANG_CXX_LANGUAGE_STANDARD = "gnu++14";
				CLANG_CXX_LIBRARY = "libc++";
				CLANG_ENABLE_MODULES = YES;
				CLANG_ENABLE_OBJC_ARC = YES;
				CLANG_ENABLE_OBJC_WEAK = YES;
				CLANG_WARN_BLOCK_CAPTURE_AUTORELEASING = YES;
				CLANG_WARN_BOOL_CONVERSION = YES;
				CLANG_WARN_COMMA = YES;
				CLANG_WARN_CONSTANT_CONVERSION = YES;
				CLANG_WARN_DEPRECATED_OBJC_IMPLEMENTATIONS = YES;
				CLANG_WARN_DIRECT_OBJC_ISA_USAGE = YES_ERROR;
				CLANG_WARN_DOCUMENTATION_COMMENTS = YES;
				CLANG_WARN_EMPTY_BODY = YES;
				CLANG_WARN_ENUM_CONVERSION = YES;
				CLANG_WARN_INFINITE_RECURSION = YES;
				CLANG_WARN_INT_CONVERSION = YES;
				CLANG_WARN_NON_LITERAL_NULL_CONVERSION = YES;
				CLANG_WARN_OBJC_IMPLICIT_RETAIN_SELF = YES;
				CLANG_WARN_OBJC_LITERAL_CONVERSION = YES;
				CLANG_WARN_OBJC_ROOT_CLASS = YES_ERROR;
				CLANG_WARN_RANGE_LOOP_ANALYSIS = YES;
				CLANG_WARN_STRICT_PROTOTYPES = YES;
				CLANG_WARN_SUSPICIOUS_MOVE = YES;
				CLANG_WARN_UNGUARDED_AVAILABILITY = YES_AGGRESSIVE;
				CLANG_WARN_UNREACHABLE_CODE = YES;
				CLANG_WARN__DUPLICATE_METHOD_MATCH = YES;
				COPY_PHASE_STRIP = NO;
				DEBUG_INFORMATION_FORMAT = "dwarf-with-dsym";
				ENABLE_NS_ASSERTIONS = NO;
				ENABLE_STRICT_OBJC_MSGSEND = YES;
				GCC_C_LANGUAGE_STANDARD = gnu11;
				GCC_NO_COMMON_BLOCKS = YES;
				GCC_WARN_64_TO_32_BIT_CONVERSION = YES;
				GCC_WARN_ABOUT_RETURN_TYPE = YES_ERROR;
				GCC_WARN_UNDECLARED_SELECTOR = YES;
				GCC_WARN_UNINITIALIZED_AUTOS = YES_AGGRESSIVE;
				GCC_WARN_UNUSED_FUNCTION = YES;
				GCC_WARN_UNUSED_VARIABLE = YES;
				IPHONEOS_DEPLOYMENT_TARGET = 13.2;
				MTL_ENABLE_DEBUG_INFO = NO;
				MTL_FAST_MATH = YES;
				SDKROOT = iphoneos;
				SWIFT_COMPILATION_MODE = wholemodule;
				SWIFT_OPTIMIZATION_LEVEL = "-O";
				VALIDATE_PRODUCT = YES;
			};
			name = Release;
		};
		87F4F4432394656300EDA388 /* Debug */ = {
			isa = XCBuildConfiguration;
			buildSettings = {
				ASSETCATALOG_COMPILER_APPICON_NAME = AppIcon;
				CODE_SIGN_STYLE = Automatic;
				DEVELOPMENT_TEAM = VBY3L3W5ZA;
				INFOPLIST_FILE = Space/Info.plist;
				LD_RUNPATH_SEARCH_PATHS = (
					"$(inherited)",
					"@executable_path/Frameworks",
				);
				PRODUCT_BUNDLE_IDENTIFIER = "Devray-Boutique.Space";
				PRODUCT_NAME = Luna;
				SWIFT_VERSION = 5.0;
				TARGETED_DEVICE_FAMILY = 1;
			};
			name = Debug;
		};
		87F4F4442394656300EDA388 /* Release */ = {
			isa = XCBuildConfiguration;
			buildSettings = {
				ASSETCATALOG_COMPILER_APPICON_NAME = AppIcon;
				CODE_SIGN_STYLE = Automatic;
				DEVELOPMENT_TEAM = VBY3L3W5ZA;
				INFOPLIST_FILE = Space/Info.plist;
				LD_RUNPATH_SEARCH_PATHS = (
					"$(inherited)",
					"@executable_path/Frameworks",
				);
				PRODUCT_BUNDLE_IDENTIFIER = "Devray-Boutique.Space";
				PRODUCT_NAME = Luna;
				SWIFT_VERSION = 5.0;
				TARGETED_DEVICE_FAMILY = 1;
			};
			name = Release;
		};
		87F4F4462394656300EDA388 /* Debug */ = {
			isa = XCBuildConfiguration;
			buildSettings = {
				ALWAYS_EMBED_SWIFT_STANDARD_LIBRARIES = YES;
				BUNDLE_LOADER = "$(TEST_HOST)";
				CODE_SIGN_STYLE = Automatic;
				DEVELOPMENT_TEAM = VBY3L3W5ZA;
				INFOPLIST_FILE = SpaceTests/Info.plist;
				IPHONEOS_DEPLOYMENT_TARGET = 13.2;
				LD_RUNPATH_SEARCH_PATHS = (
					"$(inherited)",
					"@executable_path/Frameworks",
					"@loader_path/Frameworks",
				);
				PRODUCT_BUNDLE_IDENTIFIER = "com.NOVA-Productions.SpaceTests";
				PRODUCT_NAME = "$(TARGET_NAME)";
				SWIFT_VERSION = 5.0;
				TARGETED_DEVICE_FAMILY = "1,2";
				TEST_HOST = "$(BUILT_PRODUCTS_DIR)/Luna.app/Luna";
			};
			name = Debug;
		};
		87F4F4472394656300EDA388 /* Release */ = {
			isa = XCBuildConfiguration;
			buildSettings = {
				ALWAYS_EMBED_SWIFT_STANDARD_LIBRARIES = YES;
				BUNDLE_LOADER = "$(TEST_HOST)";
				CODE_SIGN_STYLE = Automatic;
				DEVELOPMENT_TEAM = VBY3L3W5ZA;
				INFOPLIST_FILE = SpaceTests/Info.plist;
				IPHONEOS_DEPLOYMENT_TARGET = 13.2;
				LD_RUNPATH_SEARCH_PATHS = (
					"$(inherited)",
					"@executable_path/Frameworks",
					"@loader_path/Frameworks",
				);
				PRODUCT_BUNDLE_IDENTIFIER = "com.NOVA-Productions.SpaceTests";
				PRODUCT_NAME = "$(TARGET_NAME)";
				SWIFT_VERSION = 5.0;
				TARGETED_DEVICE_FAMILY = "1,2";
				TEST_HOST = "$(BUILT_PRODUCTS_DIR)/Luna.app/Luna";
			};
			name = Release;
		};
		87F4F4492394656300EDA388 /* Debug */ = {
			isa = XCBuildConfiguration;
			buildSettings = {
				ALWAYS_EMBED_SWIFT_STANDARD_LIBRARIES = YES;
				CODE_SIGN_STYLE = Automatic;
				DEVELOPMENT_TEAM = VBY3L3W5ZA;
				INFOPLIST_FILE = SpaceUITests/Info.plist;
				LD_RUNPATH_SEARCH_PATHS = (
					"$(inherited)",
					"@executable_path/Frameworks",
					"@loader_path/Frameworks",
				);
				PRODUCT_BUNDLE_IDENTIFIER = "com.NOVA-Productions.SpaceUITests";
				PRODUCT_NAME = "$(TARGET_NAME)";
				SWIFT_VERSION = 5.0;
				TARGETED_DEVICE_FAMILY = "1,2";
				TEST_TARGET_NAME = Space;
			};
			name = Debug;
		};
		87F4F44A2394656300EDA388 /* Release */ = {
			isa = XCBuildConfiguration;
			buildSettings = {
				ALWAYS_EMBED_SWIFT_STANDARD_LIBRARIES = YES;
				CODE_SIGN_STYLE = Automatic;
				DEVELOPMENT_TEAM = VBY3L3W5ZA;
				INFOPLIST_FILE = SpaceUITests/Info.plist;
				LD_RUNPATH_SEARCH_PATHS = (
					"$(inherited)",
					"@executable_path/Frameworks",
					"@loader_path/Frameworks",
				);
				PRODUCT_BUNDLE_IDENTIFIER = "com.NOVA-Productions.SpaceUITests";
				PRODUCT_NAME = "$(TARGET_NAME)";
				SWIFT_VERSION = 5.0;
				TARGETED_DEVICE_FAMILY = "1,2";
				TEST_TARGET_NAME = Space;
			};
			name = Release;
		};
/* End XCBuildConfiguration section */

/* Begin XCConfigurationList section */
		87F4F4132394655C00EDA388 /* Build configuration list for PBXProject "Luna" */ = {
			isa = XCConfigurationList;
			buildConfigurations = (
				87F4F4402394656300EDA388 /* Debug */,
				87F4F4412394656300EDA388 /* Release */,
			);
			defaultConfigurationIsVisible = 0;
			defaultConfigurationName = Release;
		};
		87F4F4422394656300EDA388 /* Build configuration list for PBXNativeTarget "Luna" */ = {
			isa = XCConfigurationList;
			buildConfigurations = (
				87F4F4432394656300EDA388 /* Debug */,
				87F4F4442394656300EDA388 /* Release */,
			);
			defaultConfigurationIsVisible = 0;
			defaultConfigurationName = Release;
		};
		87F4F4452394656300EDA388 /* Build configuration list for PBXNativeTarget "LunaTests" */ = {
			isa = XCConfigurationList;
			buildConfigurations = (
				87F4F4462394656300EDA388 /* Debug */,
				87F4F4472394656300EDA388 /* Release */,
			);
			defaultConfigurationIsVisible = 0;
			defaultConfigurationName = Release;
		};
		87F4F4482394656300EDA388 /* Build configuration list for PBXNativeTarget "LunaUITests" */ = {
			isa = XCConfigurationList;
			buildConfigurations = (
				87F4F4492394656300EDA388 /* Debug */,
				87F4F44A2394656300EDA388 /* Release */,
			);
			defaultConfigurationIsVisible = 0;
			defaultConfigurationName = Release;
		};
/* End XCConfigurationList section */
	};
	rootObject = 87F4F4102394655C00EDA388 /* Project object */;
}
